
Microsoft Visual Studio Solution File, Format Version 12.00
# Visual Studio Version 17
VisualStudioVersion = 17.0.31903.59
MinimumVisualStudioVersion = 10.0.40219.1
Project("{FAE04EC0-301F-11D3-BF4B-00C04F79EFBC}") = "Cart", "Cart\Cart.csproj", "{0D5F78AC-4647-4C19-8065-07A8714AD36D}"
EndProject
Project("{FAE04EC0-301F-11D3-BF4B-00C04F79EFBC}") = "Cli", "Cli\Cli.csproj", "{C2701447-AB84-4F45-8770-861F83B60D46}"
EndProject
Project("{FAE04EC0-301F-11D3-BF4B-00C04F79EFBC}") = "SharedMessages", "SharedMessages\SharedMessages.csproj", "{2AF947D3-7E6D-4BB8-B195-F11751B32B1B}"
EndProject
Global
	GlobalSection(SolutionConfigurationPlatforms) = preSolution
		Debug|Any CPU = Debug|Any CPU
		Release|Any CPU = Release|Any CPU
	EndGlobalSection
	GlobalSection(SolutionProperties) = preSolution
		HideSolutionNode = FALSE
	EndGlobalSection
	GlobalSection(ProjectConfigurationPlatforms) = postSolution
		{0D5F78AC-4647-4C19-8065-07A8714AD36D}.Debug|Any CPU.ActiveCfg = Debug|Any CPU
		{0D5F78AC-4647-4C19-8065-07A8714AD36D}.Debug|Any CPU.Build.0 = Debug|Any CPU
		{0D5F78AC-4647-4C19-8065-07A8714AD36D}.Release|Any CPU.ActiveCfg = Release|Any CPU
		{0D5F78AC-4647-4C19-8065-07A8714AD36D}.Release|Any CPU.Build.0 = Release|Any CPU
		{C2701447-AB84-4F45-8770-861F83B60D46}.Debug|Any CPU.ActiveCfg = Debug|Any CPU
		{C2701447-AB84-4F45-8770-861F83B60D46}.Debug|Any CPU.Build.0 = Debug|Any CPU
		{C2701447-AB84-4F45-8770-861F83B60D46}.Release|Any CPU.ActiveCfg = Release|Any CPU
		{C2701447-AB84-4F45-8770-861F83B60D46}.Release|Any CPU.Build.0 = Release|Any CPU
		{2AF947D3-7E6D-4BB8-B195-F11751B32B1B}.Debug|Any CPU.ActiveCfg = Debug|Any CPU
		{2AF947D3-7E6D-4BB8-B195-F11751B32B1B}.Debug|Any CPU.Build.0 = Debug|Any CPU
		{2AF947D3-7E6D-4BB8-B195-F11751B32B1B}.Release|Any CPU.ActiveCfg = Release|Any CPU
		{2AF947D3-7E6D-4BB8-B195-F11751B32B1B}.Release|Any CPU.Build.0 = Release|Any CPU
	EndGlobalSection
EndGlobal
