
Microsoft Visual Studio Solution File, Format Version 12.00
# Visual Studio Version 17
VisualStudioVersion = 17.0.31903.59
MinimumVisualStudioVersion = 10.0.40219.1
Project("{FAE04EC0-301F-11D3-BF4B-00C04F79EFBC}") = "Cli", "Cli\Cli.csproj", "{C2701447-AB84-4F45-8770-861F83B60D46}"
EndProject
Project("{FAE04EC0-301F-11D3-BF4B-00C04F79EFBC}") = "SharedMessages", "SharedMessages\SharedMessages.csproj", "{2AF947D3-7E6D-4BB8-B195-F11751B32B1B}"
EndProject
Project("{FAE04EC0-301F-11D3-BF4B-00C04F79EFBC}") = "CartHost", "CartHost\CartHost.csproj", "{4BA4AF8F-089A-4F77-8756-5E07697D6A36}"
EndProject
Project("{FAE04EC0-301F-11D3-BF4B-00C04F79EFBC}") = "CartHost.Tests", "CartHost.Tests\CartHost.Tests.csproj", "{B0C7344E-D3D7-426B-88FF-F1815ADC2A72}"
EndProject
Project("{FAE04EC0-301F-11D3-BF4B-00C04F79EFBC}") = "CatalogManager", "CatalogManager\CatalogManager.csproj", "{2639FE44-E6A8-4BD9-A3C7-D426AC5FEB19}"
EndProject
Project("{FAE04EC0-301F-11D3-BF4B-00C04F79EFBC}") = "CartHost.Orleans", "CartHost.Orleans\CartHost.Orleans.csproj", "{1730DCC7-2C56-4B10-B27D-FC04086E7DC3}"
EndProject
Project("{FAE04EC0-301F-11D3-BF4B-00C04F79EFBC}") = "CartHost.Orleans.Grains", "CartHost.Orleans.Grains\CartHost.Orleans.Grains.csproj", "{451F1C74-25AA-4105-AF8E-551C5067422A}"
EndProject
Project("{FAE04EC0-301F-11D3-BF4B-00C04F79EFBC}") = "CartHost.Marten", "CartHost.Marten\CartHost.Marten.csproj", "{BE00209B-4CD6-4ADD-8399-0290DF01FEB4}"
EndProject
Project("{FAE04EC0-301F-11D3-BF4B-00C04F79EFBC}") = "CartHost.Marten.Domain", "CartHost.Marten.Domain\CartHost.Marten.Domain.csproj", "{F6A3EF3A-F2F3-48E4-8305-B5DD9837390D}"
EndProject
Global
	GlobalSection(SolutionConfigurationPlatforms) = preSolution
		Debug|Any CPU = Debug|Any CPU
		Release|Any CPU = Release|Any CPU
	EndGlobalSection
	GlobalSection(SolutionProperties) = preSolution
		HideSolutionNode = FALSE
	EndGlobalSection
	GlobalSection(ProjectConfigurationPlatforms) = postSolution
		{C2701447-AB84-4F45-8770-861F83B60D46}.Debug|Any CPU.ActiveCfg = Debug|Any CPU
		{C2701447-AB84-4F45-8770-861F83B60D46}.Debug|Any CPU.Build.0 = Debug|Any CPU
		{C2701447-AB84-4F45-8770-861F83B60D46}.Release|Any CPU.ActiveCfg = Release|Any CPU
		{C2701447-AB84-4F45-8770-861F83B60D46}.Release|Any CPU.Build.0 = Release|Any CPU
		{2AF947D3-7E6D-4BB8-B195-F11751B32B1B}.Debug|Any CPU.ActiveCfg = Debug|Any CPU
		{2AF947D3-7E6D-4BB8-B195-F11751B32B1B}.Debug|Any CPU.Build.0 = Debug|Any CPU
		{2AF947D3-7E6D-4BB8-B195-F11751B32B1B}.Release|Any CPU.ActiveCfg = Release|Any CPU
		{2AF947D3-7E6D-4BB8-B195-F11751B32B1B}.Release|Any CPU.Build.0 = Release|Any CPU
		{4BA4AF8F-089A-4F77-8756-5E07697D6A36}.Debug|Any CPU.ActiveCfg = Debug|Any CPU
		{4BA4AF8F-089A-4F77-8756-5E07697D6A36}.Debug|Any CPU.Build.0 = Debug|Any CPU
		{4BA4AF8F-089A-4F77-8756-5E07697D6A36}.Release|Any CPU.ActiveCfg = Release|Any CPU
		{4BA4AF8F-089A-4F77-8756-5E07697D6A36}.Release|Any CPU.Build.0 = Release|Any CPU
		{B0C7344E-D3D7-426B-88FF-F1815ADC2A72}.Debug|Any CPU.ActiveCfg = Debug|Any CPU
		{B0C7344E-D3D7-426B-88FF-F1815ADC2A72}.Debug|Any CPU.Build.0 = Debug|Any CPU
		{B0C7344E-D3D7-426B-88FF-F1815ADC2A72}.Release|Any CPU.ActiveCfg = Release|Any CPU
		{B0C7344E-D3D7-426B-88FF-F1815ADC2A72}.Release|Any CPU.Build.0 = Release|Any CPU
		{2639FE44-E6A8-4BD9-A3C7-D426AC5FEB19}.Debug|Any CPU.ActiveCfg = Debug|Any CPU
		{2639FE44-E6A8-4BD9-A3C7-D426AC5FEB19}.Debug|Any CPU.Build.0 = Debug|Any CPU
		{2639FE44-E6A8-4BD9-A3C7-D426AC5FEB19}.Release|Any CPU.ActiveCfg = Release|Any CPU
		{2639FE44-E6A8-4BD9-A3C7-D426AC5FEB19}.Release|Any CPU.Build.0 = Release|Any CPU
		{1730DCC7-2C56-4B10-B27D-FC04086E7DC3}.Debug|Any CPU.ActiveCfg = Debug|Any CPU
		{1730DCC7-2C56-4B10-B27D-FC04086E7DC3}.Debug|Any CPU.Build.0 = Debug|Any CPU
		{1730DCC7-2C56-4B10-B27D-FC04086E7DC3}.Release|Any CPU.ActiveCfg = Release|Any CPU
		{1730DCC7-2C56-4B10-B27D-FC04086E7DC3}.Release|Any CPU.Build.0 = Release|Any CPU
		{451F1C74-25AA-4105-AF8E-551C5067422A}.Debug|Any CPU.ActiveCfg = Debug|Any CPU
		{451F1C74-25AA-4105-AF8E-551C5067422A}.Debug|Any CPU.Build.0 = Debug|Any CPU
		{451F1C74-25AA-4105-AF8E-551C5067422A}.Release|Any CPU.ActiveCfg = Release|Any CPU
		{451F1C74-25AA-4105-AF8E-551C5067422A}.Release|Any CPU.Build.0 = Release|Any CPU
		{BE00209B-4CD6-4ADD-8399-0290DF01FEB4}.Debug|Any CPU.ActiveCfg = Debug|Any CPU
		{BE00209B-4CD6-4ADD-8399-0290DF01FEB4}.Debug|Any CPU.Build.0 = Debug|Any CPU
		{BE00209B-4CD6-4ADD-8399-0290DF01FEB4}.Release|Any CPU.ActiveCfg = Release|Any CPU
		{BE00209B-4CD6-4ADD-8399-0290DF01FEB4}.Release|Any CPU.Build.0 = Release|Any CPU
		{F6A3EF3A-F2F3-48E4-8305-B5DD9837390D}.Debug|Any CPU.ActiveCfg = Debug|Any CPU
		{F6A3EF3A-F2F3-48E4-8305-B5DD9837390D}.Debug|Any CPU.Build.0 = Debug|Any CPU
		{F6A3EF3A-F2F3-48E4-8305-B5DD9837390D}.Release|Any CPU.ActiveCfg = Release|Any CPU
		{F6A3EF3A-F2F3-48E4-8305-B5DD9837390D}.Release|Any CPU.Build.0 = Release|Any CPU
	EndGlobalSection
EndGlobal
